
Microsoft Visual Studio Solution File, Format Version 12.00
# Visual Studio Version 17
VisualStudioVersion = 17.11.35219.272
MinimumVisualStudioVersion = 10.0.40219.1
Project("{FAE04EC0-301F-11D3-BF4B-00C04F79EFBC}") = "Lecture-2 basic GUI app", "Lecture-2 basic GUI app\Lecture-2 basic GUI app.csproj", "{90FDA256-C889-45D1-8103-6A0CC9597A05}"
EndProject
Global
	GlobalSection(SolutionConfigurationPlatforms) = preSolution
		Debug|Any CPU = Debug|Any CPU
		Release|Any CPU = Release|Any CPU
	EndGlobalSection
	GlobalSection(ProjectConfigurationPlatforms) = postSolution
		{90FDA256-C889-45D1-8103-6A0CC9597A05}.Debug|Any CPU.ActiveCfg = Debug|Any CPU
		{90FDA256-C889-45D1-8103-6A0CC9597A05}.Debug|Any CPU.Build.0 = Debug|Any CPU
		{90FDA256-C889-45D1-8103-6A0CC9597A05}.Debug|Any CPU.Deploy.0 = Debug|Any CPU
		{90FDA256-C889-45D1-8103-6A0CC9597A05}.Release|Any CPU.ActiveCfg = Release|Any CPU
		{90FDA256-C889-45D1-8103-6A0CC9597A05}.Release|Any CPU.Build.0 = Release|Any CPU
		{90FDA256-C889-45D1-8103-6A0CC9597A05}.Release|Any CPU.Deploy.0 = Release|Any CPU
	EndGlobalSection
	GlobalSection(SolutionProperties) = preSolution
		HideSolutionNode = FALSE
	EndGlobalSection
	GlobalSection(ExtensibilityGlobals) = postSolution
		SolutionGuid = {6A363E60-4AF6-4308-BDBE-D6FE00C5F4A5}
	EndGlobalSection
EndGlobal
